
Microsoft Visual Studio Solution File, Format Version 12.00
# Visual Studio Version 17
VisualStudioVersion = 17.1.32407.343
MinimumVisualStudioVersion = 10.0.40219.1
Project("{FAE04EC0-301F-11D3-BF4B-00C04F79EFBC}") = "People", "People\People.csproj", "{D0F6E364-1F0E-4184-8A44-94CC03955649}"
EndProject
Project("{FAE04EC0-301F-11D3-BF4B-00C04F79EFBC}") = "University", "..\university\University.csproj", "{C40E8806-06B5-4D0C-8963-1F077A10973E}"
EndProject
Project("{FAE04EC0-301F-11D3-BF4B-00C04F79EFBC}") = "HelpUniversity", "..\HelpUniversity\HelpUniversity.csproj", "{56D90747-3CEB-42C1-8FCE-93438660601F}"
EndProject
Global
	GlobalSection(SolutionConfigurationPlatforms) = preSolution
		Debug|Any CPU = Debug|Any CPU
		Release|Any CPU = Release|Any CPU
	EndGlobalSection
	GlobalSection(ProjectConfigurationPlatforms) = postSolution
		{D0F6E364-1F0E-4184-8A44-94CC03955649}.Debug|Any CPU.ActiveCfg = Debug|Any CPU
		{D0F6E364-1F0E-4184-8A44-94CC03955649}.Debug|Any CPU.Build.0 = Debug|Any CPU
		{D0F6E364-1F0E-4184-8A44-94CC03955649}.Release|Any CPU.ActiveCfg = Release|Any CPU
		{D0F6E364-1F0E-4184-8A44-94CC03955649}.Release|Any CPU.Build.0 = Release|Any CPU
		{C40E8806-06B5-4D0C-8963-1F077A10973E}.Debug|Any CPU.ActiveCfg = Debug|Any CPU
		{C40E8806-06B5-4D0C-8963-1F077A10973E}.Debug|Any CPU.Build.0 = Debug|Any CPU
		{C40E8806-06B5-4D0C-8963-1F077A10973E}.Release|Any CPU.ActiveCfg = Release|Any CPU
		{C40E8806-06B5-4D0C-8963-1F077A10973E}.Release|Any CPU.Build.0 = Release|Any CPU
		{56D90747-3CEB-42C1-8FCE-93438660601F}.Debug|Any CPU.ActiveCfg = Debug|Any CPU
		{56D90747-3CEB-42C1-8FCE-93438660601F}.Debug|Any CPU.Build.0 = Debug|Any CPU
		{56D90747-3CEB-42C1-8FCE-93438660601F}.Release|Any CPU.ActiveCfg = Release|Any CPU
		{56D90747-3CEB-42C1-8FCE-93438660601F}.Release|Any CPU.Build.0 = Release|Any CPU
	EndGlobalSection
	GlobalSection(SolutionProperties) = preSolution
		HideSolutionNode = FALSE
	EndGlobalSection
	GlobalSection(ExtensibilityGlobals) = postSolution
		SolutionGuid = {A8075910-EF2D-4F03-8884-9D9E84C81046}
	EndGlobalSection
EndGlobal
